
Microsoft Visual Studio Solution File, Format Version 12.00
# Visual Studio Version 17
VisualStudioVersion = 17.4.33205.214
MinimumVisualStudioVersion = 10.0.40219.1
Project("{FAE04EC0-301F-11D3-BF4B-00C04F79EFBC}") = "ConferenceApi", "ConferenceApi\ConferenceApi.csproj", "{187FF5A4-4217-47C9-BD34-C9E4FBB0616B}"
EndProject
Global
	GlobalSection(SolutionConfigurationPlatforms) = preSolution
		Debug|Any CPU = Debug|Any CPU
		Release|Any CPU = Release|Any CPU
	EndGlobalSection
	GlobalSection(ProjectConfigurationPlatforms) = postSolution
		{187FF5A4-4217-47C9-BD34-C9E4FBB0616B}.Debug|Any CPU.ActiveCfg = Debug|Any CPU
		{187FF5A4-4217-47C9-BD34-C9E4FBB0616B}.Debug|Any CPU.Build.0 = Debug|Any CPU
		{187FF5A4-4217-47C9-BD34-C9E4FBB0616B}.Release|Any CPU.ActiveCfg = Release|Any CPU
		{187FF5A4-4217-47C9-BD34-C9E4FBB0616B}.Release|Any CPU.Build.0 = Release|Any CPU
	EndGlobalSection
	GlobalSection(SolutionProperties) = preSolution
		HideSolutionNode = FALSE
	EndGlobalSection
	GlobalSection(ExtensibilityGlobals) = postSolution
		SolutionGuid = {638E849A-5E4C-4B6E-8297-D5599D7550A5}
	EndGlobalSection
EndGlobal
